
Microsoft Visual Studio Solution File, Format Version 12.00
# Visual Studio Version 16
VisualStudioVersion = 16.0.33328.57
MinimumVisualStudioVersion = 10.0.40219.1
Project("{9A19103F-16F7-4668-BE54-9A1E7A4F7556}") = "MorvarchsPlaystyleExpansions", "MorvarchsPlaystyleExpansions\MorvarchsPlaystyleExpansions.csproj", "{AC92A10E-6742-4DD0-94AE-4A2CC3A98D44}"
EndProject
Global
	GlobalSection(SolutionConfigurationPlatforms) = preSolution
		Debug|Any CPU = Debug|Any CPU
		Release|Any CPU = Release|Any CPU
	EndGlobalSection
	GlobalSection(ProjectConfigurationPlatforms) = postSolution
		{AC92A10E-6742-4DD0-94AE-4A2CC3A98D44}.Debug|Any CPU.ActiveCfg = Debug|Any CPU
		{AC92A10E-6742-4DD0-94AE-4A2CC3A98D44}.Debug|Any CPU.Build.0 = Debug|Any CPU
		{AC92A10E-6742-4DD0-94AE-4A2CC3A98D44}.Release|Any CPU.ActiveCfg = Release|Any CPU
		{AC92A10E-6742-4DD0-94AE-4A2CC3A98D44}.Release|Any CPU.Build.0 = Release|Any CPU
	EndGlobalSection
	GlobalSection(SolutionProperties) = preSolution
		HideSolutionNode = FALSE
	EndGlobalSection
	GlobalSection(ExtensibilityGlobals) = postSolution
		SolutionGuid = {C87995AC-93D7-4F12-A06F-0385A4E5DF86}
	EndGlobalSection
EndGlobal
