
Microsoft Visual Studio Solution File, Format Version 12.00
# Visual Studio Version 16
VisualStudioVersion = 16.0.31702.278
MinimumVisualStudioVersion = 10.0.40219.1
Project("{9A19103F-16F7-4668-BE54-9A1E7A4F7556}") = "MorvarchsPlaystyleExpansions", "MorvarchsPlaystyleExpansions\MorvarchsPlaystyleExpansions.csproj", "{6F949AA8-C11A-41F9-BFD6-A004665F2246}"
EndProject
Global
	GlobalSection(SolutionConfigurationPlatforms) = preSolution
		Debug|Any CPU = Debug|Any CPU
		Release|Any CPU = Release|Any CPU
	EndGlobalSection
	GlobalSection(ProjectConfigurationPlatforms) = postSolution
		{6F949AA8-C11A-41F9-BFD6-A004665F2246}.Debug|Any CPU.ActiveCfg = Debug|Any CPU
		{6F949AA8-C11A-41F9-BFD6-A004665F2246}.Debug|Any CPU.Build.0 = Debug|Any CPU
		{6F949AA8-C11A-41F9-BFD6-A004665F2246}.Release|Any CPU.ActiveCfg = Release|Any CPU
		{6F949AA8-C11A-41F9-BFD6-A004665F2246}.Release|Any CPU.Build.0 = Release|Any CPU
	EndGlobalSection
	GlobalSection(SolutionProperties) = preSolution
		HideSolutionNode = FALSE
	EndGlobalSection
	GlobalSection(ExtensibilityGlobals) = postSolution
		SolutionGuid = {A5D9C679-C104-4FD3-8CC2-5B66BE33B382}
	EndGlobalSection
EndGlobal
