
Microsoft Visual Studio Solution File, Format Version 12.00
# Visual Studio Version 16
VisualStudioVersion = 16.0.31702.278
MinimumVisualStudioVersion = 10.0.40219.1
Project("{FAE04EC0-301F-11D3-BF4B-00C04F79EFBC}") = "UnnamedWotrMod", "UnnamedWotrMod\UnnamedWotrMod.csproj", "{A15AB01A-4AB2-4A0C-870D-F5D83F866DF1}"
EndProject
Global
	GlobalSection(SolutionConfigurationPlatforms) = preSolution
		Debug|Any CPU = Debug|Any CPU
		Release|Any CPU = Release|Any CPU
	EndGlobalSection
	GlobalSection(ProjectConfigurationPlatforms) = postSolution
		{A15AB01A-4AB2-4A0C-870D-F5D83F866DF1}.Debug|Any CPU.ActiveCfg = Debug|Any CPU
		{A15AB01A-4AB2-4A0C-870D-F5D83F866DF1}.Debug|Any CPU.Build.0 = Debug|Any CPU
		{A15AB01A-4AB2-4A0C-870D-F5D83F866DF1}.Release|Any CPU.ActiveCfg = Release|Any CPU
		{A15AB01A-4AB2-4A0C-870D-F5D83F866DF1}.Release|Any CPU.Build.0 = Release|Any CPU
	EndGlobalSection
	GlobalSection(SolutionProperties) = preSolution
		HideSolutionNode = FALSE
	EndGlobalSection
	GlobalSection(ExtensibilityGlobals) = postSolution
		SolutionGuid = {A1553202-2C63-4797-9170-55B4A3A58E97}
	EndGlobalSection
EndGlobal
